<?xml version="1.0" encoding="utf-8"?>
<Project ToolsVersion="4.0" xmlns="http://schemas.microsoft.com/developer/msbuild/2003">
  <ItemGroup>
    <Filter Include="Source Files">
      <UniqueIdentifier>{4FC737F1-C7A5-4376-A066-2A32D752A2FF}</UniqueIdentifier>
      <Extensions>cpp;c;cc;cxx;def;odl;idl;hpj;bat;asm;asmx</Extensions>
    </Filter>
    <Filter Include="Header Files">
      <UniqueIdentifier>{93995380-89BD-4b04-88EB-625FBE52EBFB}</UniqueIdentifier>
      <Extensions>h;hh;hpp;hxx;hm;inl;inc;xsd</Extensions>
    </Filter>
    <Filter Include="Resource Files">
      <UniqueIdentifier>{67DA6AB6-F800-4c08-8B7A-83BB121AAD01}</UniqueIdentifier>
      <Extensions>rc;ico;cur;bmp;dlg;rc2;rct;bin;rgs;gif;jpg;jpeg;jpe;resx;tiff;tif;png;wav;mfcribbon-ms</Extensions>
    </Filter>
    <Filter Include="Source Files\lexer">
      <UniqueIdentifier>{b8e97826-7bb0-4196-852c-5fb834ffbdc2}</UniqueIdentifier>
    </Filter>
    <Filter Include="Header Files\lexer">
      <UniqueIdentifier>{38029843-98b4-4550-94ff-2e73de518d56}</UniqueIdentifier>
    </Filter>
    <Filter Include="Source Files\grammar">
      <UniqueIdentifier>{4115b1a6-a6d7-460e-85ef-a313ca0b59ab}</UniqueIdentifier>
    </Filter>
    <Filter Include="Header Files\grammar">
      <UniqueIdentifier>{255e34a4-595f-47c3-bd94-eb475821ddcd}</UniqueIdentifier>
    </Filter>
    <Filter Include="Source Files\parser">
      <UniqueIdentifier>{0fb6447e-4fe4-4887-b3d4-38c2b44e9908}</UniqueIdentifier>
    </Filter>
    <Filter Include="Header Files\parser">
      <UniqueIdentifier>{a4013c90-2c97-4fd4-a9c6-d28df52c6d4c}</UniqueIdentifier>
    </Filter>
    <Filter Include="Resource Files\lexerOutput">
      <UniqueIdentifier>{2fc9d1bf-e0d3-449f-a19b-740207c8f2eb}</UniqueIdentifier>
    </Filter>
    <Filter Include="Resource Files\sourcecode">
      <UniqueIdentifier>{835bbd59-d9cb-4ba3-9158-ce3c161b8ab0}</UniqueIdentifier>
    </Filter>
    <Filter Include="Resource Files\parserOutput">
      <UniqueIdentifier>{6f9e2caf-3c85-45c0-90d4-c8e0ffd11295}</UniqueIdentifier>
    </Filter>
    <Filter Include="Resource Files\grammar">
      <UniqueIdentifier>{1924318c-7490-413f-87b2-4161471bb94a}</UniqueIdentifier>
    </Filter>
    <Filter Include="Header Files\parser\semantics">
      <UniqueIdentifier>{eff028ff-8cce-4837-8f1a-f054889a8724}</UniqueIdentifier>
    </Filter>
    <Filter Include="Source Files\parser\semantics">
      <UniqueIdentifier>{c7d6a876-9c01-402e-9974-270b1af764cc}</UniqueIdentifier>
    </Filter>
    <Filter Include="Resource Files\semanticOutput">
      <UniqueIdentifier>{e2619e03-77d1-4a9d-970c-e216ce1fac98}</UniqueIdentifier>
    </Filter>
    <Filter Include="Header Files\codegen">
      <UniqueIdentifier>{9f41d666-0d30-4d08-b4aa-59bf90d3ef29}</UniqueIdentifier>
    </Filter>
    <Filter Include="Source Files\codegen">
      <UniqueIdentifier>{b49243e3-f76e-4d4b-a085-a8e467ad07f8}</UniqueIdentifier>
    </Filter>
    <Filter Include="Header Files\parser\semantics\statements">
      <UniqueIdentifier>{5b036dfa-a377-4c4a-9a61-061cdc522d76}</UniqueIdentifier>
    </Filter>
    <Filter Include="Source Files\parser\semantics\statements">
      <UniqueIdentifier>{e7cce023-7364-48e6-820b-913437e6f5bc}</UniqueIdentifier>
    </Filter>
    <Filter Include="Header Files\codegen\Instructions">
      <UniqueIdentifier>{0d71567a-5b0a-444d-a897-4bcfed8362a6}</UniqueIdentifier>
    </Filter>
    <Filter Include="Source Files\codegen\Instructions">
      <UniqueIdentifier>{962ded2d-5f2a-4178-b97b-a1f18e3b6d8e}</UniqueIdentifier>
    </Filter>
  </ItemGroup>
  <ItemGroup>
    <Text Include="lexerErrors.txt">
      <Filter>Resource Files\lexerOutput</Filter>
    </Text>
    <Text Include="lexerOutput.txt">
      <Filter>Resource Files\lexerOutput</Filter>
    </Text>
    <Text Include="first_and_follow_sets.txt">
      <Filter>Resource Files\parserOutput</Filter>
    </Text>
    <Text Include="grammar.txt">
      <Filter>Resource Files\grammar</Filter>
    </Text>
    <Text Include="testgrammar.txt">
      <Filter>Resource Files\grammar</Filter>
    </Text>
    <Text Include="parserErrors.txt">
      <Filter>Resource Files\parserOutput</Filter>
    </Text>
    <Text Include="sourcefile.txt">
      <Filter>Resource Files\sourcecode</Filter>
    </Text>
    <Text Include="sourceWithErrors.txt">
      <Filter>Resource Files\sourcecode</Filter>
    </Text>
    <Text Include="grammar_with_sdt.txt">
      <Filter>Resource Files\grammar</Filter>
    </Text>
    <Text Include="semanticErrors.txt">
      <Filter>Resource Files\semanticOutput</Filter>
    </Text>
    <Text Include="symbolTables.txt">
      <Filter>Resource Files\semanticOutput</Filter>
    </Text>
    <Text Include="compilerOuput.txt">
      <Filter>Resource Files</Filter>
    </Text>
  </ItemGroup>
  <ItemGroup>
    <ClInclude Include="stdafx.h">
      <Filter>Header Files</Filter>
    </ClInclude>
    <ClInclude Include="resource.h">
      <Filter>Header Files</Filter>
    </ClInclude>
    <ClInclude Include="targetver.h">
      <Filter>Header Files</Filter>
    </ClInclude>
    <ClInclude Include="dfa.h">
      <Filter>Header Files\lexer</Filter>
    </ClInclude>
    <ClInclude Include="lexer.h">
      <Filter>Header Files\lexer</Filter>
    </ClInclude>
    <ClInclude Include="specification.h">
      <Filter>Header Files\lexer</Filter>
    </ClInclude>
    <ClInclude Include="Symbol.h">
      <Filter>Header Files\grammar</Filter>
    </ClInclude>
    <ClInclude Include="Terminal.h">
      <Filter>Header Files\grammar</Filter>
    </ClInclude>
    <ClInclude Include="NonTerminal.h">
      <Filter>Header Files\grammar</Filter>
    </ClInclude>
    <ClInclude Include="Production.h">
      <Filter>Header Files\grammar</Filter>
    </ClInclude>
    <ClInclude Include="Grammar.h">
      <Filter>Header Files\grammar</Filter>
    </ClInclude>
    <ClInclude Include="Parser.h">
      <Filter>Header Files\parser</Filter>
    </ClInclude>
    <ClInclude Include="Compiler.h">
      <Filter>Header Files</Filter>
    </ClInclude>
    <ClInclude Include="Utils.h">
      <Filter>Header Files</Filter>
    </ClInclude>
    <ClInclude Include="token.h">
      <Filter>Header Files\lexer</Filter>
    </ClInclude>
    <ClInclude Include="ParserGenerator.h">
      <Filter>Header Files\parser</Filter>
    </ClInclude>
    <ClInclude Include="SymbolTable.h">
      <Filter>Header Files\parser\semantics</Filter>
    </ClInclude>
    <ClInclude Include="SemanticSymbol.h">
      <Filter>Header Files\grammar</Filter>
    </ClInclude>
    <ClInclude Include="SemanticActions.h">
      <Filter>Header Files\parser\semantics</Filter>
    </ClInclude>
    <ClInclude Include="Expression.h">
      <Filter>Header Files\parser\semantics</Filter>
    </ClInclude>
    <ClInclude Include="Attribute.h">
      <Filter>Header Files\parser\semantics</Filter>
    </ClInclude>
    <ClInclude Include="Variable.h">
      <Filter>Header Files\parser\semantics</Filter>
    </ClInclude>
    <ClInclude Include="TypeData.h">
      <Filter>Header Files\parser\semantics</Filter>
    </ClInclude>
    <ClInclude Include="SymbolTableRecord.h">
      <Filter>Header Files\parser\semantics</Filter>
    </ClInclude>
    <ClInclude Include="MoonGenerator.h">
      <Filter>Header Files\codegen</Filter>
    </ClInclude>
    <ClInclude Include="Register.h">
      <Filter>Header Files\codegen</Filter>
    </ClInclude>
    <ClInclude Include="AssignStatement.h">
      <Filter>Header Files\parser\semantics\statements</Filter>
    </ClInclude>
    <ClInclude Include="ForStatement.h">
      <Filter>Header Files\parser\semantics\statements</Filter>
    </ClInclude>
    <ClInclude Include="Statement.h">
      <Filter>Header Files\parser\semantics\statements</Filter>
    </ClInclude>
    <ClInclude Include="IfElseStatement.h">
      <Filter>Header Files\parser\semantics\statements</Filter>
    </ClInclude>
    <ClInclude Include="PutStatement.h">
      <Filter>Header Files\parser\semantics\statements</Filter>
    </ClInclude>
    <ClInclude Include="ReturnStatement.h">
      <Filter>Header Files\parser\semantics\statements</Filter>
    </ClInclude>
    <ClInclude Include="GetStatement.h">
      <Filter>Header Files\parser\semantics\statements</Filter>
    </ClInclude>
    <ClInclude Include="StatementBlock.h">
      <Filter>Header Files\parser\semantics\statements</Filter>
    </ClInclude>
    <ClInclude Include="Instruction.h">
      <Filter>Header Files\codegen\Instructions</Filter>
    </ClInclude>
    <ClInclude Include="Instructions.h">
      <Filter>Header Files\codegen\Instructions</Filter>
    </ClInclude>
    <ClInclude Include="Logger.h">
      <Filter>Header Files</Filter>
    </ClInclude>
  </ItemGroup>
  <ItemGroup>
    <ClCompile Include="stdafx.cpp">
      <Filter>Source Files</Filter>
    </ClCompile>
    <ClCompile Include="lexer.cpp">
      <Filter>Source Files\lexer</Filter>
    </ClCompile>
    <ClCompile Include="specification.cpp">
      <Filter>Source Files\lexer</Filter>
    </ClCompile>
    <ClCompile Include="dfa.cpp">
      <Filter>Source Files\lexer</Filter>
    </ClCompile>
    <ClCompile Include="Symbol.cpp">
      <Filter>Source Files\grammar</Filter>
    </ClCompile>
    <ClCompile Include="Terminal.cpp">
      <Filter>Source Files\grammar</Filter>
    </ClCompile>
    <ClCompile Include="NonTerminal.cpp">
      <Filter>Source Files\grammar</Filter>
    </ClCompile>
    <ClCompile Include="Production.cpp">
      <Filter>Source Files\grammar</Filter>
    </ClCompile>
    <ClCompile Include="Grammar.cpp">
      <Filter>Source Files\grammar</Filter>
    </ClCompile>
    <ClCompile Include="main.cpp">
      <Filter>Source Files</Filter>
    </ClCompile>
    <ClCompile Include="Parser.cpp">
      <Filter>Source Files\parser</Filter>
    </ClCompile>
    <ClCompile Include="Compiler.cpp">
      <Filter>Source Files</Filter>
    </ClCompile>
    <ClCompile Include="token.cpp">
      <Filter>Source Files\lexer</Filter>
    </ClCompile>
    <ClCompile Include="ParserGenerator.cpp">
      <Filter>Source Files\parser</Filter>
    </ClCompile>
    <ClCompile Include="SymbolTable.cpp">
      <Filter>Source Files\parser\semantics</Filter>
    </ClCompile>
    <ClCompile Include="SemanticSymbol.cpp">
      <Filter>Source Files\grammar</Filter>
    </ClCompile>
    <ClCompile Include="SemanticActions.cpp">
      <Filter>Source Files\parser\semantics</Filter>
    </ClCompile>
    <ClCompile Include="Expression.cpp">
      <Filter>Source Files\parser\semantics</Filter>
    </ClCompile>
    <ClCompile Include="Variable.cpp">
      <Filter>Source Files\parser\semantics</Filter>
    </ClCompile>
    <ClCompile Include="MoonGenerator.cpp">
      <Filter>Source Files\codegen</Filter>
    </ClCompile>
    <ClCompile Include="AssignStatement.cpp">
      <Filter>Source Files\parser\semantics\statements</Filter>
    </ClCompile>
    <ClCompile Include="ForStatement.cpp">
      <Filter>Source Files\parser\semantics\statements</Filter>
    </ClCompile>
    <ClCompile Include="Statement.cpp">
      <Filter>Source Files\parser\semantics\statements</Filter>
    </ClCompile>
    <ClCompile Include="IfElseStatement.cpp">
      <Filter>Source Files\parser\semantics\statements</Filter>
    </ClCompile>
    <ClCompile Include="PutStatement.cpp">
      <Filter>Source Files\parser\semantics\statements</Filter>
    </ClCompile>
    <ClCompile Include="ReturnStatement.cpp">
      <Filter>Source Files\parser\semantics\statements</Filter>
    </ClCompile>
    <ClCompile Include="GetStatement.cpp">
      <Filter>Source Files\parser\semantics\statements</Filter>
    </ClCompile>
    <ClCompile Include="Instruction.cpp">
      <Filter>Source Files\codegen\Instructions</Filter>
    </ClCompile>
  </ItemGroup>
  <ItemGroup>
    <ResourceCompile Include="comp442_compilers.rc">
      <Filter>Resource Files</Filter>
    </ResourceCompile>
  </ItemGroup>
  <ItemGroup>
    <None Include="parsingtable.html">
      <Filter>Resource Files\parserOutput</Filter>
    </None>
    <None Include="derivation.html">
      <Filter>Resource Files\parserOutput</Filter>
    </None>
  </ItemGroup>
</Project>